// !$*UTF8*$!
{
	archiveVersion = 1;
	classes = {
	};
	objectVersion = 51;
	objects = {

/* Begin PBXBuildFile section */
		8A208BEACA2F064514BAD6FB /* Pods_DATC.framework in Frameworks */ = {isa = PBXBuildFile; fileRef = A34AF1759A8AC5B418219324 /* Pods_DATC.framework */; };
		A73067D223925B5F001AF822 /* GoogleService-Info.plist in Resources */ = {isa = PBXBuildFile; fileRef = A73067D123925B5F001AF822 /* GoogleService-Info.plist */; };
		A73067D42392B037001AF822 /* FirebaseAuthManager.swift in Sources */ = {isa = PBXBuildFile; fileRef = A73067D32392B037001AF822 /* FirebaseAuthManager.swift */; };
		A78AB4D9237B04C40073C098 /* AppDelegate.swift in Sources */ = {isa = PBXBuildFile; fileRef = A78AB4D8237B04C40073C098 /* AppDelegate.swift */; };
		A78AB4DB237B04C40073C098 /* SceneDelegate.swift in Sources */ = {isa = PBXBuildFile; fileRef = A78AB4DA237B04C40073C098 /* SceneDelegate.swift */; };
		A78AB4E0237B04C40073C098 /* Main.storyboard in Resources */ = {isa = PBXBuildFile; fileRef = A78AB4DE237B04C40073C098 /* Main.storyboard */; };
		A78AB4E2237B04C60073C098 /* Assets.xcassets in Resources */ = {isa = PBXBuildFile; fileRef = A78AB4E1237B04C60073C098 /* Assets.xcassets */; };
		A78AB4E5237B04C60073C098 /* LaunchScreen.storyboard in Resources */ = {isa = PBXBuildFile; fileRef = A78AB4E3237B04C60073C098 /* LaunchScreen.storyboard */; };
		A7FF84D223BA7EF500139F44 /* MapViewController.swift in Sources */ = {isa = PBXBuildFile; fileRef = A7FF84CF23BA7EF500139F44 /* MapViewController.swift */; };
		A7FF84D323BA7EF500139F44 /* LocationSearchTable.swift in Sources */ = {isa = PBXBuildFile; fileRef = A7FF84D023BA7EF500139F44 /* LocationSearchTable.swift */; };
		A7FF84D423BA7EF600139F44 /* MainViewController.swift in Sources */ = {isa = PBXBuildFile; fileRef = A7FF84D123BA7EF500139F44 /* MainViewController.swift */; };
		A7FF84D823BAAAB200139F44 /* ReportModelProtocol.swift in Sources */ = {isa = PBXBuildFile; fileRef = A7FF84D723BAAAB200139F44 /* ReportModelProtocol.swift */; };
		A7FF84DA23BAABEC00139F44 /* Report.swift in Sources */ = {isa = PBXBuildFile; fileRef = A7FF84D923BAABEC00139F44 /* Report.swift */; };
/* End PBXBuildFile section */

/* Begin PBXFileReference section */
		77CA5AEDEEA2EB1B9AFF5DE9 /* Pods-DATC.release.xcconfig */ = {isa = PBXFileReference; includeInIndex = 1; lastKnownFileType = text.xcconfig; name = "Pods-DATC.release.xcconfig"; path = "Target Support Files/Pods-DATC/Pods-DATC.release.xcconfig"; sourceTree = "<group>"; };
		84E299A4AC2DCB42E000424A /* Pods-DATC.debug.xcconfig */ = {isa = PBXFileReference; includeInIndex = 1; lastKnownFileType = text.xcconfig; name = "Pods-DATC.debug.xcconfig"; path = "Target Support Files/Pods-DATC/Pods-DATC.debug.xcconfig"; sourceTree = "<group>"; };
		A34AF1759A8AC5B418219324 /* Pods_DATC.framework */ = {isa = PBXFileReference; explicitFileType = wrapper.framework; includeInIndex = 0; path = Pods_DATC.framework; sourceTree = BUILT_PRODUCTS_DIR; };
		A73067D123925B5F001AF822 /* GoogleService-Info.plist */ = {isa = PBXFileReference; fileEncoding = 4; lastKnownFileType = text.plist.xml; path = "GoogleService-Info.plist"; sourceTree = "<group>"; };
		A73067D32392B037001AF822 /* FirebaseAuthManager.swift */ = {isa = PBXFileReference; lastKnownFileType = sourcecode.swift; path = FirebaseAuthManager.swift; sourceTree = "<group>"; };
		A78AB4D5237B04C40073C098 /* DATC.app */ = {isa = PBXFileReference; explicitFileType = wrapper.application; includeInIndex = 0; path = DATC.app; sourceTree = BUILT_PRODUCTS_DIR; };
		A78AB4D8237B04C40073C098 /* AppDelegate.swift */ = {isa = PBXFileReference; lastKnownFileType = sourcecode.swift; path = AppDelegate.swift; sourceTree = "<group>"; };
		A78AB4DA237B04C40073C098 /* SceneDelegate.swift */ = {isa = PBXFileReference; lastKnownFileType = sourcecode.swift; path = SceneDelegate.swift; sourceTree = "<group>"; };
		A78AB4DF237B04C40073C098 /* Base */ = {isa = PBXFileReference; lastKnownFileType = file.storyboard; name = Base; path = Base.lproj/Main.storyboard; sourceTree = "<group>"; };
		A78AB4E1237B04C60073C098 /* Assets.xcassets */ = {isa = PBXFileReference; lastKnownFileType = folder.assetcatalog; path = Assets.xcassets; sourceTree = "<group>"; };
		A78AB4E4237B04C60073C098 /* Base */ = {isa = PBXFileReference; lastKnownFileType = file.storyboard; name = Base; path = Base.lproj/LaunchScreen.storyboard; sourceTree = "<group>"; };
		A78AB4E6237B04C60073C098 /* Info.plist */ = {isa = PBXFileReference; lastKnownFileType = text.plist.xml; path = Info.plist; sourceTree = "<group>"; };
		A7FF84CF23BA7EF500139F44 /* MapViewController.swift */ = {isa = PBXFileReference; fileEncoding = 4; lastKnownFileType = sourcecode.swift; path = MapViewController.swift; sourceTree = "<group>"; };
		A7FF84D023BA7EF500139F44 /* LocationSearchTable.swift */ = {isa = PBXFileReference; fileEncoding = 4; lastKnownFileType = sourcecode.swift; path = LocationSearchTable.swift; sourceTree = "<group>"; };
		A7FF84D123BA7EF500139F44 /* MainViewController.swift */ = {isa = PBXFileReference; fileEncoding = 4; lastKnownFileType = sourcecode.swift; path = MainViewController.swift; sourceTree = "<group>"; };
		A7FF84D723BAAAB200139F44 /* ReportModelProtocol.swift */ = {isa = PBXFileReference; lastKnownFileType = sourcecode.swift; path = ReportModelProtocol.swift; sourceTree = "<group>"; };
		A7FF84D923BAABEC00139F44 /* Report.swift */ = {isa = PBXFileReference; lastKnownFileType = sourcecode.swift; path = Report.swift; sourceTree = "<group>"; };
/* End PBXFileReference section */

/* Begin PBXFrameworksBuildPhase section */
		A78AB4D2237B04C40073C098 /* Frameworks */ = {
			isa = PBXFrameworksBuildPhase;
			buildActionMask = 2147483647;
			files = (
				8A208BEACA2F064514BAD6FB /* Pods_DATC.framework in Frameworks */,
			);
			runOnlyForDeploymentPostprocessing = 0;
		};
/* End PBXFrameworksBuildPhase section */

/* Begin PBXGroup section */
		16A914FD34DC25B8C1193E98 /* Pods */ = {
			isa = PBXGroup;
			children = (
				84E299A4AC2DCB42E000424A /* Pods-DATC.debug.xcconfig */,
				77CA5AEDEEA2EB1B9AFF5DE9 /* Pods-DATC.release.xcconfig */,
			);
			path = Pods;
			sourceTree = "<group>";
		};
		A78AB4CC237B04C40073C098 = {
			isa = PBXGroup;
			children = (
				A78AB4D7237B04C40073C098 /* DATC */,
				A78AB4D6237B04C40073C098 /* Products */,
				16A914FD34DC25B8C1193E98 /* Pods */,
				AC40313B337DA6CEA59EF491 /* Frameworks */,
			);
			sourceTree = "<group>";
		};
		A78AB4D6237B04C40073C098 /* Products */ = {
			isa = PBXGroup;
			children = (
				A78AB4D5237B04C40073C098 /* DATC.app */,
			);
			name = Products;
			sourceTree = "<group>";
		};
		A78AB4D7237B04C40073C098 /* DATC */ = {
			isa = PBXGroup;
			children = (
				A78AB4D8237B04C40073C098 /* AppDelegate.swift */,
				A78AB4DA237B04C40073C098 /* SceneDelegate.swift */,
				A7FF84CD23BA7E9500139F44 /* Models */,
				A7FF84D523BA7F2200139F44 /* Views */,
				A7FF84CE23BA7EE100139F44 /* Controllers */,
				A7FF84D623BA7F3000139F44 /* Business Logic */,
				A78AB4E1237B04C60073C098 /* Assets.xcassets */,
				A78AB4E6237B04C60073C098 /* Info.plist */,
				A73067D123925B5F001AF822 /* GoogleService-Info.plist */,
			);
			path = DATC;
			sourceTree = "<group>";
		};
		A7FF84CD23BA7E9500139F44 /* Models */ = {
			isa = PBXGroup;
			children = (
				A7FF84D923BAABEC00139F44 /* Report.swift */,
				A7FF84D723BAAAB200139F44 /* ReportModelProtocol.swift */,
			);
			path = Models;
			sourceTree = "<group>";
		};
		A7FF84CE23BA7EE100139F44 /* Controllers */ = {
			isa = PBXGroup;
			children = (
				A7FF84D023BA7EF500139F44 /* LocationSearchTable.swift */,
				A7FF84D123BA7EF500139F44 /* MainViewController.swift */,
				A7FF84CF23BA7EF500139F44 /* MapViewController.swift */,
			);
			path = Controllers;
			sourceTree = "<group>";
		};
		A7FF84D523BA7F2200139F44 /* Views */ = {
			isa = PBXGroup;
			children = (
				A78AB4E3237B04C60073C098 /* LaunchScreen.storyboard */,
				A78AB4DE237B04C40073C098 /* Main.storyboard */,
			);
			path = Views;
			sourceTree = "<group>";
		};
		A7FF84D623BA7F3000139F44 /* Business Logic */ = {
			isa = PBXGroup;
			children = (
				A73067D32392B037001AF822 /* FirebaseAuthManager.swift */,
			);
			path = "Business Logic";
			sourceTree = "<group>";
		};
		AC40313B337DA6CEA59EF491 /* Frameworks */ = {
			isa = PBXGroup;
			children = (
				A34AF1759A8AC5B418219324 /* Pods_DATC.framework */,
			);
			name = Frameworks;
			sourceTree = "<group>";
		};
/* End PBXGroup section */

/* Begin PBXNativeTarget section */
		A78AB4D4237B04C40073C098 /* DATC */ = {
			isa = PBXNativeTarget;
			buildConfigurationList = A78AB4E9237B04C60073C098 /* Build configuration list for PBXNativeTarget "DATC" */;
			buildPhases = (
				B9287794A57038C38E502853 /* [CP] Check Pods Manifest.lock */,
				A78AB4D1237B04C40073C098 /* Sources */,
				A78AB4D2237B04C40073C098 /* Frameworks */,
				A78AB4D3237B04C40073C098 /* Resources */,
				9D20AA0124C0B3981DE18EF4 /* [CP] Embed Pods Frameworks */,
				41D1D074C8BCCAB771AFC584 /* [CP] Copy Pods Resources */,
			);
			buildRules = (
			);
			dependencies = (
			);
			name = DATC;
			productName = DATC;
			productReference = A78AB4D5237B04C40073C098 /* DATC.app */;
			productType = "com.apple.product-type.application";
		};
/* End PBXNativeTarget section */

/* Begin PBXProject section */
		A78AB4CD237B04C40073C098 /* Project object */ = {
			isa = PBXProject;
			attributes = {
				LastSwiftUpdateCheck = 1110;
				LastUpgradeCheck = 1110;
				ORGANIZATIONNAME = "Valentina Vențel";
				TargetAttributes = {
					A78AB4D4237B04C40073C098 = {
						CreatedOnToolsVersion = 11.1;
					};
				};
			};
			buildConfigurationList = A78AB4D0237B04C40073C098 /* Build configuration list for PBXProject "DATC" */;
			compatibilityVersion = "Xcode 9.3";
			developmentRegion = en;
			hasScannedForEncodings = 0;
			knownRegions = (
				en,
				Base,
			);
			mainGroup = A78AB4CC237B04C40073C098;
			productRefGroup = A78AB4D6237B04C40073C098 /* Products */;
			projectDirPath = "";
			projectRoot = "";
			targets = (
				A78AB4D4237B04C40073C098 /* DATC */,
			);
		};
/* End PBXProject section */

/* Begin PBXResourcesBuildPhase section */
		A78AB4D3237B04C40073C098 /* Resources */ = {
			isa = PBXResourcesBuildPhase;
			buildActionMask = 2147483647;
			files = (
				A73067D223925B5F001AF822 /* GoogleService-Info.plist in Resources */,
				A78AB4E5237B04C60073C098 /* LaunchScreen.storyboard in Resources */,
				A78AB4E2237B04C60073C098 /* Assets.xcassets in Resources */,
				A78AB4E0237B04C40073C098 /* Main.storyboard in Resources */,
			);
			runOnlyForDeploymentPostprocessing = 0;
		};
/* End PBXResourcesBuildPhase section */

/* Begin PBXShellScriptBuildPhase section */
		41D1D074C8BCCAB771AFC584 /* [CP] Copy Pods Resources */ = {
			isa = PBXShellScriptBuildPhase;
			buildActionMask = 2147483647;
			files = (
			);
			inputFileListPaths = (
				"${PODS_ROOT}/Target Support Files/Pods-DATC/Pods-DATC-resources-${CONFIGURATION}-input-files.xcfilelist",
			);
			name = "[CP] Copy Pods Resources";
			outputFileListPaths = (
				"${PODS_ROOT}/Target Support Files/Pods-DATC/Pods-DATC-resources-${CONFIGURATION}-output-files.xcfilelist",
			);
			runOnlyForDeploymentPostprocessing = 0;
			shellPath = /bin/sh;
			shellScript = "\"${PODS_ROOT}/Target Support Files/Pods-DATC/Pods-DATC-resources.sh\"\n";
			showEnvVarsInLog = 0;
		};
		9D20AA0124C0B3981DE18EF4 /* [CP] Embed Pods Frameworks */ = {
			isa = PBXShellScriptBuildPhase;
			buildActionMask = 2147483647;
			files = (
			);
			inputFileListPaths = (
				"${PODS_ROOT}/Target Support Files/Pods-DATC/Pods-DATC-frameworks-${CONFIGURATION}-input-files.xcfilelist",
			);
			name = "[CP] Embed Pods Frameworks";
			outputFileListPaths = (
				"${PODS_ROOT}/Target Support Files/Pods-DATC/Pods-DATC-frameworks-${CONFIGURATION}-output-files.xcfilelist",
			);
			runOnlyForDeploymentPostprocessing = 0;
			shellPath = /bin/sh;
			shellScript = "\"${PODS_ROOT}/Target Support Files/Pods-DATC/Pods-DATC-frameworks.sh\"\n";
			showEnvVarsInLog = 0;
		};
		B9287794A57038C38E502853 /* [CP] Check Pods Manifest.lock */ = {
			isa = PBXShellScriptBuildPhase;
			buildActionMask = 2147483647;
			files = (
			);
			inputFileListPaths = (
			);
			inputPaths = (
				"${PODS_PODFILE_DIR_PATH}/Podfile.lock",
				"${PODS_ROOT}/Manifest.lock",
			);
			name = "[CP] Check Pods Manifest.lock";
			outputFileListPaths = (
			);
			outputPaths = (
				"$(DERIVED_FILE_DIR)/Pods-DATC-checkManifestLockResult.txt",
			);
			runOnlyForDeploymentPostprocessing = 0;
			shellPath = /bin/sh;
			shellScript = "diff \"${PODS_PODFILE_DIR_PATH}/Podfile.lock\" \"${PODS_ROOT}/Manifest.lock\" > /dev/null\nif [ $? != 0 ] ; then\n    # print error to STDERR\n    echo \"error: The sandbox is not in sync with the Podfile.lock. Run 'pod install' or update your CocoaPods installation.\" >&2\n    exit 1\nfi\n# This output is used by Xcode 'outputs' to avoid re-running this script phase.\necho \"SUCCESS\" > \"${SCRIPT_OUTPUT_FILE_0}\"\n";
			showEnvVarsInLog = 0;
		};
/* End PBXShellScriptBuildPhase section */

/* Begin PBXSourcesBuildPhase section */
		A78AB4D1237B04C40073C098 /* Sources */ = {
			isa = PBXSourcesBuildPhase;
			buildActionMask = 2147483647;
			files = (
				A73067D42392B037001AF822 /* FirebaseAuthManager.swift in Sources */,
				A7FF84D323BA7EF500139F44 /* LocationSearchTable.swift in Sources */,
				A78AB4D9237B04C40073C098 /* AppDelegate.swift in Sources */,
				A7FF84DA23BAABEC00139F44 /* Report.swift in Sources */,
				A7FF84D423BA7EF600139F44 /* MainViewController.swift in Sources */,
				A78AB4DB237B04C40073C098 /* SceneDelegate.swift in Sources */,
				A7FF84D223BA7EF500139F44 /* MapViewController.swift in Sources */,
				A7FF84D823BAAAB200139F44 /* ReportModelProtocol.swift in Sources */,
			);
			runOnlyForDeploymentPostprocessing = 0;
		};
/* End PBXSourcesBuildPhase section */

/* Begin PBXVariantGroup section */
		A78AB4DE237B04C40073C098 /* Main.storyboard */ = {
			isa = PBXVariantGroup;
			children = (
				A78AB4DF237B04C40073C098 /* Base */,
			);
			name = Main.storyboard;
			sourceTree = "<group>";
		};
		A78AB4E3237B04C60073C098 /* LaunchScreen.storyboard */ = {
			isa = PBXVariantGroup;
			children = (
				A78AB4E4237B04C60073C098 /* Base */,
			);
			name = LaunchScreen.storyboard;
			sourceTree = "<group>";
		};
/* End PBXVariantGroup section */

/* Begin XCBuildConfiguration section */
		A78AB4E7237B04C60073C098 /* Debug */ = {
			isa = XCBuildConfiguration;
			buildSettings = {
				ALWAYS_SEARCH_USER_PATHS = NO;
				CLANG_ANALYZER_NONNULL = YES;
				CLANG_ANALYZER_NUMBER_OBJECT_CONVERSION = YES_AGGRESSIVE;
				CLANG_CXX_LANGUAGE_STANDARD = "gnu++14";
				CLANG_CXX_LIBRARY = "libc++";
				CLANG_ENABLE_MODULES = YES;
				CLANG_ENABLE_OBJC_ARC = YES;
				CLANG_ENABLE_OBJC_WEAK = YES;
				CLANG_WARN_BLOCK_CAPTURE_AUTORELEASING = YES;
				CLANG_WARN_BOOL_CONVERSION = YES;
				CLANG_WARN_COMMA = YES;
				CLANG_WARN_CONSTANT_CONVERSION = YES;
				CLANG_WARN_DEPRECATED_OBJC_IMPLEMENTATIONS = YES;
				CLANG_WARN_DIRECT_OBJC_ISA_USAGE = YES_ERROR;
				CLANG_WARN_DOCUMENTATION_COMMENTS = YES;
				CLANG_WARN_EMPTY_BODY = YES;
				CLANG_WARN_ENUM_CONVERSION = YES;
				CLANG_WARN_INFINITE_RECURSION = YES;
				CLANG_WARN_INT_CONVERSION = YES;
				CLANG_WARN_NON_LITERAL_NULL_CONVERSION = YES;
				CLANG_WARN_OBJC_IMPLICIT_RETAIN_SELF = YES;
				CLANG_WARN_OBJC_LITERAL_CONVERSION = YES;
				CLANG_WARN_OBJC_ROOT_CLASS = YES_ERROR;
				CLANG_WARN_RANGE_LOOP_ANALYSIS = YES;
				CLANG_WARN_STRICT_PROTOTYPES = YES;
				CLANG_WARN_SUSPICIOUS_MOVE = YES;
				CLANG_WARN_UNGUARDED_AVAILABILITY = YES_AGGRESSIVE;
				CLANG_WARN_UNREACHABLE_CODE = YES;
				CLANG_WARN__DUPLICATE_METHOD_MATCH = YES;
				COPY_PHASE_STRIP = NO;
				DEBUG_INFORMATION_FORMAT = dwarf;
				ENABLE_STRICT_OBJC_MSGSEND = YES;
				ENABLE_TESTABILITY = YES;
				GCC_C_LANGUAGE_STANDARD = gnu11;
				GCC_DYNAMIC_NO_PIC = NO;
				GCC_NO_COMMON_BLOCKS = YES;
				GCC_OPTIMIZATION_LEVEL = 0;
				GCC_PREPROCESSOR_DEFINITIONS = (
					"DEBUG=1",
					"$(inherited)",
				);
				GCC_WARN_64_TO_32_BIT_CONVERSION = YES;
				GCC_WARN_ABOUT_RETURN_TYPE = YES_ERROR;
				GCC_WARN_UNDECLARED_SELECTOR = YES;
				GCC_WARN_UNINITIALIZED_AUTOS = YES_AGGRESSIVE;
				GCC_WARN_UNUSED_FUNCTION = YES;
				GCC_WARN_UNUSED_VARIABLE = YES;
				IPHONEOS_DEPLOYMENT_TARGET = 13.1;
				MTL_ENABLE_DEBUG_INFO = INCLUDE_SOURCE;
				MTL_FAST_MATH = YES;
				ONLY_ACTIVE_ARCH = YES;
				SDKROOT = iphoneos;
				SWIFT_ACTIVE_COMPILATION_CONDITIONS = DEBUG;
				SWIFT_OPTIMIZATION_LEVEL = "-Onone";
			};
			name = Debug;
		};
		A78AB4E8237B04C60073C098 /* Release */ = {
			isa = XCBuildConfiguration;
			buildSettings = {
				ALWAYS_SEARCH_USER_PATHS = NO;
				CLANG_ANALYZER_NONNULL = YES;
				CLANG_ANALYZER_NUMBER_OBJECT_CONVERSION = YES_AGGRESSIVE;
				CLANG_CXX_LANGUAGE_STANDARD = "gnu++14";
				CLANG_CXX_LIBRARY = "libc++";
				CLANG_ENABLE_MODULES = YES;
				CLANG_ENABLE_OBJC_ARC = YES;
				CLANG_ENABLE_OBJC_WEAK = YES;
				CLANG_WARN_BLOCK_CAPTURE_AUTORELEASING = YES;
				CLANG_WARN_BOOL_CONVERSION = YES;
				CLANG_WARN_COMMA = YES;
				CLANG_WARN_CONSTANT_CONVERSION = YES;
				CLANG_WARN_DEPRECATED_OBJC_IMPLEMENTATIONS = YES;
				CLANG_WARN_DIRECT_OBJC_ISA_USAGE = YES_ERROR;
				CLANG_WARN_DOCUMENTATION_COMMENTS = YES;
				CLANG_WARN_EMPTY_BODY = YES;
				CLANG_WARN_ENUM_CONVERSION = YES;
				CLANG_WARN_INFINITE_RECURSION = YES;
				CLANG_WARN_INT_CONVERSION = YES;
				CLANG_WARN_NON_LITERAL_NULL_CONVERSION = YES;
				CLANG_WARN_OBJC_IMPLICIT_RETAIN_SELF = YES;
				CLANG_WARN_OBJC_LITERAL_CONVERSION = YES;
				CLANG_WARN_OBJC_ROOT_CLASS = YES_ERROR;
				CLANG_WARN_RANGE_LOOP_ANALYSIS = YES;
				CLANG_WARN_STRICT_PROTOTYPES = YES;
				CLANG_WARN_SUSPICIOUS_MOVE = YES;
				CLANG_WARN_UNGUARDED_AVAILABILITY = YES_AGGRESSIVE;
				CLANG_WARN_UNREACHABLE_CODE = YES;
				CLANG_WARN__DUPLICATE_METHOD_MATCH = YES;
				COPY_PHASE_STRIP = NO;
				DEBUG_INFORMATION_FORMAT = "dwarf-with-dsym";
				ENABLE_NS_ASSERTIONS = NO;
				ENABLE_STRICT_OBJC_MSGSEND = YES;
				GCC_C_LANGUAGE_STANDARD = gnu11;
				GCC_NO_COMMON_BLOCKS = YES;
				GCC_WARN_64_TO_32_BIT_CONVERSION = YES;
				GCC_WARN_ABOUT_RETURN_TYPE = YES_ERROR;
				GCC_WARN_UNDECLARED_SELECTOR = YES;
				GCC_WARN_UNINITIALIZED_AUTOS = YES_AGGRESSIVE;
				GCC_WARN_UNUSED_FUNCTION = YES;
				GCC_WARN_UNUSED_VARIABLE = YES;
				IPHONEOS_DEPLOYMENT_TARGET = 13.1;
				MTL_ENABLE_DEBUG_INFO = NO;
				MTL_FAST_MATH = YES;
				SDKROOT = iphoneos;
				SWIFT_COMPILATION_MODE = wholemodule;
				SWIFT_OPTIMIZATION_LEVEL = "-O";
				VALIDATE_PRODUCT = YES;
			};
			name = Release;
		};
		A78AB4EA237B04C60073C098 /* Debug */ = {
			isa = XCBuildConfiguration;
			baseConfigurationReference = 84E299A4AC2DCB42E000424A /* Pods-DATC.debug.xcconfig */;
			buildSettings = {
				ASSETCATALOG_COMPILER_APPICON_NAME = AppIcon;
				CODE_SIGN_STYLE = Automatic;
				DEVELOPMENT_TEAM = G5S6577MEM;
				INFOPLIST_FILE = DATC/Info.plist;
				LD_RUNPATH_SEARCH_PATHS = (
					"$(inherited)",
					"@executable_path/Frameworks",
				);
				PRODUCT_BUNDLE_IDENTIFIER = CH.DATC;
				PRODUCT_NAME = "$(TARGET_NAME)";
				SWIFT_VERSION = 5.0;
				TARGETED_DEVICE_FAMILY = "1,2";
			};
			name = Debug;
		};
		A78AB4EB237B04C60073C098 /* Release */ = {
			isa = XCBuildConfiguration;
			baseConfigurationReference = 77CA5AEDEEA2EB1B9AFF5DE9 /* Pods-DATC.release.xcconfig */;
			buildSettings = {
				ASSETCATALOG_COMPILER_APPICON_NAME = AppIcon;
				CODE_SIGN_STYLE = Automatic;
				DEVELOPMENT_TEAM = G5S6577MEM;
				INFOPLIST_FILE = DATC/Info.plist;
				LD_RUNPATH_SEARCH_PATHS = (
					"$(inherited)",
					"@executable_path/Frameworks",
				);
				PRODUCT_BUNDLE_IDENTIFIER = CH.DATC;
				PRODUCT_NAME = "$(TARGET_NAME)";
				SWIFT_VERSION = 5.0;
				TARGETED_DEVICE_FAMILY = "1,2";
			};
			name = Release;
		};
/* End XCBuildConfiguration section */

/* Begin XCConfigurationList section */
		A78AB4D0237B04C40073C098 /* Build configuration list for PBXProject "DATC" */ = {
			isa = XCConfigurationList;
			buildConfigurations = (
				A78AB4E7237B04C60073C098 /* Debug */,
				A78AB4E8237B04C60073C098 /* Release */,
			);
			defaultConfigurationIsVisible = 0;
			defaultConfigurationName = Release;
		};
		A78AB4E9237B04C60073C098 /* Build configuration list for PBXNativeTarget "DATC" */ = {
			isa = XCConfigurationList;
			buildConfigurations = (
				A78AB4EA237B04C60073C098 /* Debug */,
				A78AB4EB237B04C60073C098 /* Release */,
			);
			defaultConfigurationIsVisible = 0;
			defaultConfigurationName = Release;
		};
/* End XCConfigurationList section */
	};
	rootObject = A78AB4CD237B04C40073C098 /* Project object */;
}
